// !$*UTF8*$!
{
	archiveVersion = 1;
	classes = {
	};
	objectVersion = 51;
	objects = {

/* Begin PBXBuildFile section */
		DCAB1ED3246BF23800F538EE /* MoviesTableViewCell.swift in Sources */ = {isa = PBXBuildFile; fileRef = DCAB1ED2246BF23800F538EE /* MoviesTableViewCell.swift */; };
		DCBBC0B7246BD45800215FD8 /* AppDelegate.swift in Sources */ = {isa = PBXBuildFile; fileRef = DCBBC0B6246BD45800215FD8 /* AppDelegate.swift */; };
		DCBBC0B9246BD45800215FD8 /* SceneDelegate.swift in Sources */ = {isa = PBXBuildFile; fileRef = DCBBC0B8246BD45800215FD8 /* SceneDelegate.swift */; };
		DCBBC0BB246BD45800215FD8 /* ViewController.swift in Sources */ = {isa = PBXBuildFile; fileRef = DCBBC0BA246BD45800215FD8 /* ViewController.swift */; };
		DCBBC0BE246BD45800215FD8 /* Main.storyboard in Resources */ = {isa = PBXBuildFile; fileRef = DCBBC0BC246BD45800215FD8 /* Main.storyboard */; };
		DCBBC0C1246BD45800215FD8 /* XperionAV_Player.xcdatamodeld in Sources */ = {isa = PBXBuildFile; fileRef = DCBBC0BF246BD45800215FD8 /* XperionAV_Player.xcdatamodeld */; };
		DCBBC0C3246BD45B00215FD8 /* Assets.xcassets in Resources */ = {isa = PBXBuildFile; fileRef = DCBBC0C2246BD45B00215FD8 /* Assets.xcassets */; };
		DCBBC0C6246BD45B00215FD8 /* LaunchScreen.storyboard in Resources */ = {isa = PBXBuildFile; fileRef = DCBBC0C4246BD45B00215FD8 /* LaunchScreen.storyboard */; };
		DCEB342F246EA98200F48FEB /* Pods_XperionAV_Player.framework in Frameworks */ = {isa = PBXBuildFile; fileRef = D3A40B7C9838580D12B45D61 /* Pods_XperionAV_Player.framework */; };
/* End PBXBuildFile section */

/* Begin PBXFileReference section */
		4CD4DC84CDE0772234CCBE72 /* Pods-XperionAV Player.debug.xcconfig */ = {isa = PBXFileReference; includeInIndex = 1; lastKnownFileType = text.xcconfig; name = "Pods-XperionAV Player.debug.xcconfig"; path = "Target Support Files/Pods-XperionAV Player/Pods-XperionAV Player.debug.xcconfig"; sourceTree = "<group>"; };
		D3A40B7C9838580D12B45D61 /* Pods_XperionAV_Player.framework */ = {isa = PBXFileReference; explicitFileType = wrapper.framework; includeInIndex = 0; path = Pods_XperionAV_Player.framework; sourceTree = BUILT_PRODUCTS_DIR; };
		DCAB1ED2246BF23800F538EE /* MoviesTableViewCell.swift */ = {isa = PBXFileReference; lastKnownFileType = sourcecode.swift; path = MoviesTableViewCell.swift; sourceTree = "<group>"; };
		DCBBC0B3246BD45800215FD8 /* XperionAV Player.app */ = {isa = PBXFileReference; explicitFileType = wrapper.application; includeInIndex = 0; path = "XperionAV Player.app"; sourceTree = BUILT_PRODUCTS_DIR; };
		DCBBC0B6246BD45800215FD8 /* AppDelegate.swift */ = {isa = PBXFileReference; lastKnownFileType = sourcecode.swift; path = AppDelegate.swift; sourceTree = "<group>"; };
		DCBBC0B8246BD45800215FD8 /* SceneDelegate.swift */ = {isa = PBXFileReference; lastKnownFileType = sourcecode.swift; path = SceneDelegate.swift; sourceTree = "<group>"; };
		DCBBC0BA246BD45800215FD8 /* ViewController.swift */ = {isa = PBXFileReference; lastKnownFileType = sourcecode.swift; path = ViewController.swift; sourceTree = "<group>"; };
		DCBBC0BD246BD45800215FD8 /* Base */ = {isa = PBXFileReference; lastKnownFileType = file.storyboard; name = Base; path = Base.lproj/Main.storyboard; sourceTree = "<group>"; };
		DCBBC0C0246BD45800215FD8 /* XperionAV_Player.xcdatamodel */ = {isa = PBXFileReference; lastKnownFileType = wrapper.xcdatamodel; path = XperionAV_Player.xcdatamodel; sourceTree = "<group>"; };
		DCBBC0C2246BD45B00215FD8 /* Assets.xcassets */ = {isa = PBXFileReference; lastKnownFileType = folder.assetcatalog; path = Assets.xcassets; sourceTree = "<group>"; };
		DCBBC0C5246BD45B00215FD8 /* Base */ = {isa = PBXFileReference; lastKnownFileType = file.storyboard; name = Base; path = Base.lproj/LaunchScreen.storyboard; sourceTree = "<group>"; };
		DCBBC0C7246BD45B00215FD8 /* Info.plist */ = {isa = PBXFileReference; lastKnownFileType = text.plist.xml; path = Info.plist; sourceTree = "<group>"; };
		DECD892A2E8E726A24EF9B27 /* Pods-XperionAV Player.release.xcconfig */ = {isa = PBXFileReference; includeInIndex = 1; lastKnownFileType = text.xcconfig; name = "Pods-XperionAV Player.release.xcconfig"; path = "Target Support Files/Pods-XperionAV Player/Pods-XperionAV Player.release.xcconfig"; sourceTree = "<group>"; };
/* End PBXFileReference section */

/* Begin PBXFrameworksBuildPhase section */
		DCBBC0B0246BD45800215FD8 /* Frameworks */ = {
			isa = PBXFrameworksBuildPhase;
			buildActionMask = 2147483647;
			files = (
				DCEB342F246EA98200F48FEB /* Pods_XperionAV_Player.framework in Frameworks */,
			);
			runOnlyForDeploymentPostprocessing = 0;
		};
/* End PBXFrameworksBuildPhase section */

/* Begin PBXGroup section */
		3897782BCB0E7CE50615C21B /* Pods */ = {
			isa = PBXGroup;
			children = (
				4CD4DC84CDE0772234CCBE72 /* Pods-XperionAV Player.debug.xcconfig */,
				DECD892A2E8E726A24EF9B27 /* Pods-XperionAV Player.release.xcconfig */,
			);
			path = Pods;
			sourceTree = "<group>";
		};
		5BD5CFB50343D66AA1E3A0BF /* Frameworks */ = {
			isa = PBXGroup;
			children = (
				D3A40B7C9838580D12B45D61 /* Pods_XperionAV_Player.framework */,
			);
			name = Frameworks;
			sourceTree = "<group>";
		};
		DCBBC0AA246BD45800215FD8 = {
			isa = PBXGroup;
			children = (
				DCBBC0B5246BD45800215FD8 /* XperionAV Player */,
				DCBBC0B4246BD45800215FD8 /* Products */,
				3897782BCB0E7CE50615C21B /* Pods */,
				5BD5CFB50343D66AA1E3A0BF /* Frameworks */,
			);
			sourceTree = "<group>";
		};
		DCBBC0B4246BD45800215FD8 /* Products */ = {
			isa = PBXGroup;
			children = (
				DCBBC0B3246BD45800215FD8 /* XperionAV Player.app */,
			);
			name = Products;
			sourceTree = "<group>";
		};
		DCBBC0B5246BD45800215FD8 /* XperionAV Player */ = {
			isa = PBXGroup;
			children = (
				DCBBC0B6246BD45800215FD8 /* AppDelegate.swift */,
				DCBBC0B8246BD45800215FD8 /* SceneDelegate.swift */,
				DCBBC0BA246BD45800215FD8 /* ViewController.swift */,
				DCBBC0BC246BD45800215FD8 /* Main.storyboard */,
				DCBBC0C2246BD45B00215FD8 /* Assets.xcassets */,
				DCBBC0C4246BD45B00215FD8 /* LaunchScreen.storyboard */,
				DCBBC0C7246BD45B00215FD8 /* Info.plist */,
				DCBBC0BF246BD45800215FD8 /* XperionAV_Player.xcdatamodeld */,
				DCAB1ED2246BF23800F538EE /* MoviesTableViewCell.swift */,
			);
			path = "XperionAV Player";
			sourceTree = "<group>";
		};
/* End PBXGroup section */

/* Begin PBXNativeTarget section */
		DCBBC0B2246BD45800215FD8 /* XperionAV Player */ = {
			isa = PBXNativeTarget;
			buildConfigurationList = DCBBC0CA246BD45B00215FD8 /* Build configuration list for PBXNativeTarget "XperionAV Player" */;
			buildPhases = (
				A584B8C00CEAC116A4D762C6 /* [CP] Check Pods Manifest.lock */,
				DCBBC0AF246BD45800215FD8 /* Sources */,
				DCBBC0B0246BD45800215FD8 /* Frameworks */,
				DCBBC0B1246BD45800215FD8 /* Resources */,
				BCC0961BF51B1CFD3DB03B4D /* [CP] Embed Pods Frameworks */,
			);
			buildRules = (
			);
			dependencies = (
			);
			name = "XperionAV Player";
			productName = "XperionAV Player";
			productReference = DCBBC0B3246BD45800215FD8 /* XperionAV Player.app */;
			productType = "com.apple.product-type.application";
		};
/* End PBXNativeTarget section */

/* Begin PBXProject section */
		DCBBC0AB246BD45800215FD8 /* Project object */ = {
			isa = PBXProject;
			attributes = {
				LastSwiftUpdateCheck = 1130;
				LastUpgradeCheck = 1130;
				ORGANIZATIONNAME = Arjun;
				TargetAttributes = {
					DCBBC0B2246BD45800215FD8 = {
						CreatedOnToolsVersion = 11.3.1;
					};
				};
			};
			buildConfigurationList = DCBBC0AE246BD45800215FD8 /* Build configuration list for PBXProject "XperionAV Player" */;
			compatibilityVersion = "Xcode 9.3";
			developmentRegion = en;
			hasScannedForEncodings = 0;
			knownRegions = (
				en,
				Base,
			);
			mainGroup = DCBBC0AA246BD45800215FD8;
			productRefGroup = DCBBC0B4246BD45800215FD8 /* Products */;
			projectDirPath = "";
			projectRoot = "";
			targets = (
				DCBBC0B2246BD45800215FD8 /* XperionAV Player */,
			);
		};
/* End PBXProject section */

/* Begin PBXResourcesBuildPhase section */
		DCBBC0B1246BD45800215FD8 /* Resources */ = {
			isa = PBXResourcesBuildPhase;
			buildActionMask = 2147483647;
			files = (
				DCBBC0C6246BD45B00215FD8 /* LaunchScreen.storyboard in Resources */,
				DCBBC0C3246BD45B00215FD8 /* Assets.xcassets in Resources */,
				DCBBC0BE246BD45800215FD8 /* Main.storyboard in Resources */,
			);
			runOnlyForDeploymentPostprocessing = 0;
		};
/* End PBXResourcesBuildPhase section */

/* Begin PBXShellScriptBuildPhase section */
		A584B8C00CEAC116A4D762C6 /* [CP] Check Pods Manifest.lock */ = {
			isa = PBXShellScriptBuildPhase;
			buildActionMask = 2147483647;
			files = (
			);
			inputFileListPaths = (
			);
			inputPaths = (
				"${PODS_PODFILE_DIR_PATH}/Podfile.lock",
				"${PODS_ROOT}/Manifest.lock",
			);
			name = "[CP] Check Pods Manifest.lock";
			outputFileListPaths = (
			);
			outputPaths = (
				"$(DERIVED_FILE_DIR)/Pods-XperionAV Player-checkManifestLockResult.txt",
			);
			runOnlyForDeploymentPostprocessing = 0;
			shellPath = /bin/sh;
			shellScript = "diff \"${PODS_PODFILE_DIR_PATH}/Podfile.lock\" \"${PODS_ROOT}/Manifest.lock\" > /dev/null\nif [ $? != 0 ] ; then\n    # print error to STDERR\n    echo \"error: The sandbox is not in sync with the Podfile.lock. Run 'pod install' or update your CocoaPods installation.\" >&2\n    exit 1\nfi\n# This output is used by Xcode 'outputs' to avoid re-running this script phase.\necho \"SUCCESS\" > \"${SCRIPT_OUTPUT_FILE_0}\"\n";
			showEnvVarsInLog = 0;
		};
		BCC0961BF51B1CFD3DB03B4D /* [CP] Embed Pods Frameworks */ = {
			isa = PBXShellScriptBuildPhase;
			buildActionMask = 8;
			files = (
			);
			inputFileListPaths = (
				"${PODS_ROOT}/Target Support Files/Pods-XperionAV Player/Pods-XperionAV Player-frameworks-${CONFIGURATION}-input-files.xcfilelist",
			);
			name = "[CP] Embed Pods Frameworks";
			outputFileListPaths = (
				"${PODS_ROOT}/Target Support Files/Pods-XperionAV Player/Pods-XperionAV Player-frameworks-${CONFIGURATION}-output-files.xcfilelist",
			);
			runOnlyForDeploymentPostprocessing = 1;
			shellPath = /bin/sh;
			shellScript = "\"${PODS_ROOT}/Target Support Files/Pods-XperionAV Player/Pods-XperionAV Player-frameworks.sh\"\n";
			showEnvVarsInLog = 0;
		};
/* End PBXShellScriptBuildPhase section */

/* Begin PBXSourcesBuildPhase section */
		DCBBC0AF246BD45800215FD8 /* Sources */ = {
			isa = PBXSourcesBuildPhase;
			buildActionMask = 2147483647;
			files = (
				DCBBC0BB246BD45800215FD8 /* ViewController.swift in Sources */,
				DCBBC0C1246BD45800215FD8 /* XperionAV_Player.xcdatamodeld in Sources */,
				DCAB1ED3246BF23800F538EE /* MoviesTableViewCell.swift in Sources */,
				DCBBC0B7246BD45800215FD8 /* AppDelegate.swift in Sources */,
				DCBBC0B9246BD45800215FD8 /* SceneDelegate.swift in Sources */,
			);
			runOnlyForDeploymentPostprocessing = 0;
		};
/* End PBXSourcesBuildPhase section */

/* Begin PBXVariantGroup section */
		DCBBC0BC246BD45800215FD8 /* Main.storyboard */ = {
			isa = PBXVariantGroup;
			children = (
				DCBBC0BD246BD45800215FD8 /* Base */,
			);
			name = Main.storyboard;
			sourceTree = "<group>";
		};
		DCBBC0C4246BD45B00215FD8 /* LaunchScreen.storyboard */ = {
			isa = PBXVariantGroup;
			children = (
				DCBBC0C5246BD45B00215FD8 /* Base */,
			);
			name = LaunchScreen.storyboard;
			sourceTree = "<group>";
		};
/* End PBXVariantGroup section */

/* Begin XCBuildConfiguration section */
		DCBBC0C8246BD45B00215FD8 /* Debug */ = {
			isa = XCBuildConfiguration;
			buildSettings = {
				ALWAYS_SEARCH_USER_PATHS = NO;
				CLANG_ANALYZER_NONNULL = YES;
				CLANG_ANALYZER_NUMBER_OBJECT_CONVERSION = YES_AGGRESSIVE;
				CLANG_CXX_LANGUAGE_STANDARD = "gnu++14";
				CLANG_CXX_LIBRARY = "libc++";
				CLANG_ENABLE_MODULES = YES;
				CLANG_ENABLE_OBJC_ARC = YES;
				CLANG_ENABLE_OBJC_WEAK = YES;
				CLANG_WARN_BLOCK_CAPTURE_AUTORELEASING = YES;
				CLANG_WARN_BOOL_CONVERSION = YES;
				CLANG_WARN_COMMA = YES;
				CLANG_WARN_CONSTANT_CONVERSION = YES;
				CLANG_WARN_DEPRECATED_OBJC_IMPLEMENTATIONS = YES;
				CLANG_WARN_DIRECT_OBJC_ISA_USAGE = YES_ERROR;
				CLANG_WARN_DOCUMENTATION_COMMENTS = YES;
				CLANG_WARN_EMPTY_BODY = YES;
				CLANG_WARN_ENUM_CONVERSION = YES;
				CLANG_WARN_INFINITE_RECURSION = YES;
				CLANG_WARN_INT_CONVERSION = YES;
				CLANG_WARN_NON_LITERAL_NULL_CONVERSION = YES;
				CLANG_WARN_OBJC_IMPLICIT_RETAIN_SELF = YES;
				CLANG_WARN_OBJC_LITERAL_CONVERSION = YES;
				CLANG_WARN_OBJC_ROOT_CLASS = YES_ERROR;
				CLANG_WARN_RANGE_LOOP_ANALYSIS = YES;
				CLANG_WARN_STRICT_PROTOTYPES = YES;
				CLANG_WARN_SUSPICIOUS_MOVE = YES;
				CLANG_WARN_UNGUARDED_AVAILABILITY = YES_AGGRESSIVE;
				CLANG_WARN_UNREACHABLE_CODE = YES;
				CLANG_WARN__DUPLICATE_METHOD_MATCH = YES;
				COPY_PHASE_STRIP = NO;
				DEBUG_INFORMATION_FORMAT = dwarf;
				ENABLE_STRICT_OBJC_MSGSEND = YES;
				ENABLE_TESTABILITY = YES;
				GCC_C_LANGUAGE_STANDARD = gnu11;
				GCC_DYNAMIC_NO_PIC = NO;
				GCC_NO_COMMON_BLOCKS = YES;
				GCC_OPTIMIZATION_LEVEL = 0;
				GCC_PREPROCESSOR_DEFINITIONS = (
					"DEBUG=1",
					"$(inherited)",
				);
				GCC_WARN_64_TO_32_BIT_CONVERSION = YES;
				GCC_WARN_ABOUT_RETURN_TYPE = YES_ERROR;
				GCC_WARN_UNDECLARED_SELECTOR = YES;
				GCC_WARN_UNINITIALIZED_AUTOS = YES_AGGRESSIVE;
				GCC_WARN_UNUSED_FUNCTION = YES;
				GCC_WARN_UNUSED_VARIABLE = YES;
				IPHONEOS_DEPLOYMENT_TARGET = 13.2;
				MTL_ENABLE_DEBUG_INFO = INCLUDE_SOURCE;
				MTL_FAST_MATH = YES;
				ONLY_ACTIVE_ARCH = YES;
				SDKROOT = iphoneos;
				SWIFT_ACTIVE_COMPILATION_CONDITIONS = DEBUG;
				SWIFT_OPTIMIZATION_LEVEL = "-Onone";
			};
			name = Debug;
		};
		DCBBC0C9246BD45B00215FD8 /* Release */ = {
			isa = XCBuildConfiguration;
			buildSettings = {
				ALWAYS_SEARCH_USER_PATHS = NO;
				CLANG_ANALYZER_NONNULL = YES;
				CLANG_ANALYZER_NUMBER_OBJECT_CONVERSION = YES_AGGRESSIVE;
				CLANG_CXX_LANGUAGE_STANDARD = "gnu++14";
				CLANG_CXX_LIBRARY = "libc++";
				CLANG_ENABLE_MODULES = YES;
				CLANG_ENABLE_OBJC_ARC = YES;
				CLANG_ENABLE_OBJC_WEAK = YES;
				CLANG_WARN_BLOCK_CAPTURE_AUTORELEASING = YES;
				CLANG_WARN_BOOL_CONVERSION = YES;
				CLANG_WARN_COMMA = YES;
				CLANG_WARN_CONSTANT_CONVERSION = YES;
				CLANG_WARN_DEPRECATED_OBJC_IMPLEMENTATIONS = YES;
				CLANG_WARN_DIRECT_OBJC_ISA_USAGE = YES_ERROR;
				CLANG_WARN_DOCUMENTATION_COMMENTS = YES;
				CLANG_WARN_EMPTY_BODY = YES;
				CLANG_WARN_ENUM_CONVERSION = YES;
				CLANG_WARN_INFINITE_RECURSION = YES;
				CLANG_WARN_INT_CONVERSION = YES;
				CLANG_WARN_NON_LITERAL_NULL_CONVERSION = YES;
				CLANG_WARN_OBJC_IMPLICIT_RETAIN_SELF = YES;
				CLANG_WARN_OBJC_LITERAL_CONVERSION = YES;
				CLANG_WARN_OBJC_ROOT_CLASS = YES_ERROR;
				CLANG_WARN_RANGE_LOOP_ANALYSIS = YES;
				CLANG_WARN_STRICT_PROTOTYPES = YES;
				CLANG_WARN_SUSPICIOUS_MOVE = YES;
				CLANG_WARN_UNGUARDED_AVAILABILITY = YES_AGGRESSIVE;
				CLANG_WARN_UNREACHABLE_CODE = YES;
				CLANG_WARN__DUPLICATE_METHOD_MATCH = YES;
				COPY_PHASE_STRIP = NO;
				DEBUG_INFORMATION_FORMAT = "dwarf-with-dsym";
				ENABLE_NS_ASSERTIONS = NO;
				ENABLE_STRICT_OBJC_MSGSEND = YES;
				GCC_C_LANGUAGE_STANDARD = gnu11;
				GCC_NO_COMMON_BLOCKS = YES;
				GCC_WARN_64_TO_32_BIT_CONVERSION = YES;
				GCC_WARN_ABOUT_RETURN_TYPE = YES_ERROR;
				GCC_WARN_UNDECLARED_SELECTOR = YES;
				GCC_WARN_UNINITIALIZED_AUTOS = YES_AGGRESSIVE;
				GCC_WARN_UNUSED_FUNCTION = YES;
				GCC_WARN_UNUSED_VARIABLE = YES;
				IPHONEOS_DEPLOYMENT_TARGET = 13.2;
				MTL_ENABLE_DEBUG_INFO = NO;
				MTL_FAST_MATH = YES;
				SDKROOT = iphoneos;
				SWIFT_COMPILATION_MODE = wholemodule;
				SWIFT_OPTIMIZATION_LEVEL = "-O";
				VALIDATE_PRODUCT = YES;
			};
			name = Release;
		};
		DCBBC0CB246BD45B00215FD8 /* Debug */ = {
			isa = XCBuildConfiguration;
			baseConfigurationReference = 4CD4DC84CDE0772234CCBE72 /* Pods-XperionAV Player.debug.xcconfig */;
			buildSettings = {
				ASSETCATALOG_COMPILER_APPICON_NAME = AppIcon;
				CODE_SIGN_STYLE = Automatic;
				DEVELOPMENT_TEAM = 39SC9SG5G4;
				INFOPLIST_FILE = "XperionAV Player/Info.plist";
				LD_RUNPATH_SEARCH_PATHS = (
					"$(inherited)",
					"@executable_path/Frameworks",
				);
				PRODUCT_BUNDLE_IDENTIFIER = "com.readyongo.arjun.XperionAV-Player";
				PRODUCT_NAME = "$(TARGET_NAME)";
				SWIFT_VERSION = 5.0;
				TARGETED_DEVICE_FAMILY = 1;
			};
			name = Debug;
		};
		DCBBC0CC246BD45B00215FD8 /* Release */ = {
			isa = XCBuildConfiguration;
			baseConfigurationReference = DECD892A2E8E726A24EF9B27 /* Pods-XperionAV Player.release.xcconfig */;
			buildSettings = {
				ASSETCATALOG_COMPILER_APPICON_NAME = AppIcon;
				CODE_SIGN_STYLE = Automatic;
				DEVELOPMENT_TEAM = 39SC9SG5G4;
				INFOPLIST_FILE = "XperionAV Player/Info.plist";
				LD_RUNPATH_SEARCH_PATHS = (
					"$(inherited)",
					"@executable_path/Frameworks",
				);
				PRODUCT_BUNDLE_IDENTIFIER = "com.readyongo.arjun.XperionAV-Player";
				PRODUCT_NAME = "$(TARGET_NAME)";
				SWIFT_VERSION = 5.0;
				TARGETED_DEVICE_FAMILY = 1;
			};
			name = Release;
		};
/* End XCBuildConfiguration section */

/* Begin XCConfigurationList section */
		DCBBC0AE246BD45800215FD8 /* Build configuration list for PBXProject "XperionAV Player" */ = {
			isa = XCConfigurationList;
			buildConfigurations = (
				DCBBC0C8246BD45B00215FD8 /* Debug */,
				DCBBC0C9246BD45B00215FD8 /* Release */,
			);
			defaultConfigurationIsVisible = 0;
			defaultConfigurationName = Release;
		};
		DCBBC0CA246BD45B00215FD8 /* Build configuration list for PBXNativeTarget "XperionAV Player" */ = {
			isa = XCConfigurationList;
			buildConfigurations = (
				DCBBC0CB246BD45B00215FD8 /* Debug */,
				DCBBC0CC246BD45B00215FD8 /* Release */,
			);
			defaultConfigurationIsVisible = 0;
			defaultConfigurationName = Release;
		};
/* End XCConfigurationList section */

/* Begin XCVersionGroup section */
		DCBBC0BF246BD45800215FD8 /* XperionAV_Player.xcdatamodeld */ = {
			isa = XCVersionGroup;
			children = (
				DCBBC0C0246BD45800215FD8 /* XperionAV_Player.xcdatamodel */,
			);
			currentVersion = DCBBC0C0246BD45800215FD8 /* XperionAV_Player.xcdatamodel */;
			path = XperionAV_Player.xcdatamodeld;
			sourceTree = "<group>";
			versionGroupType = wrapper.xcdatamodel;
		};
/* End XCVersionGroup section */
	};
	rootObject = DCBBC0AB246BD45800215FD8 /* Project object */;
}
